
Microsoft Visual Studio Solution File, Format Version 12.00
# Visual Studio Version 16
VisualStudioVersion = 16.0.33214.272
MinimumVisualStudioVersion = 10.0.40219.1
Project("{FAE04EC0-301F-11D3-BF4B-00C04F79EFBC}") = "Mission4Assignment", "Mission4Assignment\Mission4Assignment.csproj", "{6BE1FB8C-0E7A-4D44-937A-44ACEC921552}"
EndProject
Global
	GlobalSection(SolutionConfigurationPlatforms) = preSolution
		Debug|Any CPU = Debug|Any CPU
		Release|Any CPU = Release|Any CPU
	EndGlobalSection
	GlobalSection(ProjectConfigurationPlatforms) = postSolution
		{6BE1FB8C-0E7A-4D44-937A-44ACEC921552}.Debug|Any CPU.ActiveCfg = Debug|Any CPU
		{6BE1FB8C-0E7A-4D44-937A-44ACEC921552}.Debug|Any CPU.Build.0 = Debug|Any CPU
		{6BE1FB8C-0E7A-4D44-937A-44ACEC921552}.Release|Any CPU.ActiveCfg = Release|Any CPU
		{6BE1FB8C-0E7A-4D44-937A-44ACEC921552}.Release|Any CPU.Build.0 = Release|Any CPU
	EndGlobalSection
	GlobalSection(SolutionProperties) = preSolution
		HideSolutionNode = FALSE
	EndGlobalSection
	GlobalSection(ExtensibilityGlobals) = postSolution
		SolutionGuid = {5075F42D-71DE-473A-B3E8-AE5E9F95DA82}
	EndGlobalSection
EndGlobal
